
Microsoft Visual Studio Solution File, Format Version 12.00
# Visual Studio Version 16
VisualStudioVersion = 16.0.31702.278
MinimumVisualStudioVersion = 10.0.40219.1
Project("{FAE04EC0-301F-11D3-BF4B-00C04F79EFBC}") = "DelegateEventHCFnLCM", "DelegateHCFnLCM\DelegateEventHCFnLCM.csproj", "{BF0AC64F-3976-4009-910E-81605828D62C}"
EndProject
Global
	GlobalSection(SolutionConfigurationPlatforms) = preSolution
		Debug|Any CPU = Debug|Any CPU
		Release|Any CPU = Release|Any CPU
	EndGlobalSection
	GlobalSection(ProjectConfigurationPlatforms) = postSolution
		{BF0AC64F-3976-4009-910E-81605828D62C}.Debug|Any CPU.ActiveCfg = Debug|Any CPU
		{BF0AC64F-3976-4009-910E-81605828D62C}.Debug|Any CPU.Build.0 = Debug|Any CPU
		{BF0AC64F-3976-4009-910E-81605828D62C}.Release|Any CPU.ActiveCfg = Release|Any CPU
		{BF0AC64F-3976-4009-910E-81605828D62C}.Release|Any CPU.Build.0 = Release|Any CPU
	EndGlobalSection
	GlobalSection(SolutionProperties) = preSolution
		HideSolutionNode = FALSE
	EndGlobalSection
	GlobalSection(ExtensibilityGlobals) = postSolution
		SolutionGuid = {189255FF-752D-4471-8DBB-7324C690A0DD}
	EndGlobalSection
EndGlobal
